
Microsoft Visual Studio Solution File, Format Version 12.00
# Visual Studio Version 17
VisualStudioVersion = 17.1.32328.378
MinimumVisualStudioVersion = 10.0.40219.1
Project("{9A19103F-16F7-4668-BE54-9A1E7A4F7556}") = "MyLab.Search.Searcher", "MyLab.Search.Searcher\MyLab.Search.Searcher.csproj", "{F1ED2908-FD3A-451C-8A1F-6A13A908F003}"
EndProject
Project("{9A19103F-16F7-4668-BE54-9A1E7A4F7556}") = "FunctionTests", "FunctionTests\FunctionTests.csproj", "{A0ECCE94-12C6-44D4-A17C-D915B00FDAE1}"
EndProject
Project("{9A19103F-16F7-4668-BE54-9A1E7A4F7556}") = "UnitTests", "UnitTests\UnitTests.csproj", "{B9E6C4C9-4EC2-4B77-91DF-F18E6CD30145}"
EndProject
Project("{9A19103F-16F7-4668-BE54-9A1E7A4F7556}") = "MyLab.Search.SearcherClient", "MyLab.Search.SearcherClient\MyLab.Search.SearcherClient.csproj", "{3033DD66-A827-4E4A-B7A5-F7E466090E81}"
EndProject
Global
	GlobalSection(SolutionConfigurationPlatforms) = preSolution
		Debug|Any CPU = Debug|Any CPU
		Release|Any CPU = Release|Any CPU
	EndGlobalSection
	GlobalSection(ProjectConfigurationPlatforms) = postSolution
		{F1ED2908-FD3A-451C-8A1F-6A13A908F003}.Debug|Any CPU.ActiveCfg = Debug|Any CPU
		{F1ED2908-FD3A-451C-8A1F-6A13A908F003}.Debug|Any CPU.Build.0 = Debug|Any CPU
		{F1ED2908-FD3A-451C-8A1F-6A13A908F003}.Release|Any CPU.ActiveCfg = Release|Any CPU
		{F1ED2908-FD3A-451C-8A1F-6A13A908F003}.Release|Any CPU.Build.0 = Release|Any CPU
		{A0ECCE94-12C6-44D4-A17C-D915B00FDAE1}.Debug|Any CPU.ActiveCfg = Debug|Any CPU
		{A0ECCE94-12C6-44D4-A17C-D915B00FDAE1}.Debug|Any CPU.Build.0 = Debug|Any CPU
		{A0ECCE94-12C6-44D4-A17C-D915B00FDAE1}.Release|Any CPU.ActiveCfg = Release|Any CPU
		{A0ECCE94-12C6-44D4-A17C-D915B00FDAE1}.Release|Any CPU.Build.0 = Release|Any CPU
		{B9E6C4C9-4EC2-4B77-91DF-F18E6CD30145}.Debug|Any CPU.ActiveCfg = Debug|Any CPU
		{B9E6C4C9-4EC2-4B77-91DF-F18E6CD30145}.Debug|Any CPU.Build.0 = Debug|Any CPU
		{B9E6C4C9-4EC2-4B77-91DF-F18E6CD30145}.Release|Any CPU.ActiveCfg = Release|Any CPU
		{B9E6C4C9-4EC2-4B77-91DF-F18E6CD30145}.Release|Any CPU.Build.0 = Release|Any CPU
		{3033DD66-A827-4E4A-B7A5-F7E466090E81}.Debug|Any CPU.ActiveCfg = Debug|Any CPU
		{3033DD66-A827-4E4A-B7A5-F7E466090E81}.Debug|Any CPU.Build.0 = Debug|Any CPU
		{3033DD66-A827-4E4A-B7A5-F7E466090E81}.Release|Any CPU.ActiveCfg = Release|Any CPU
		{3033DD66-A827-4E4A-B7A5-F7E466090E81}.Release|Any CPU.Build.0 = Release|Any CPU
	EndGlobalSection
	GlobalSection(SolutionProperties) = preSolution
		HideSolutionNode = FALSE
	EndGlobalSection
	GlobalSection(ExtensibilityGlobals) = postSolution
		SolutionGuid = {9FD6C795-6963-48A2-8E77-CDA81697C775}
	EndGlobalSection
EndGlobal
